
Microsoft Visual Studio Solution File, Format Version 12.00
Project("{FAE04EC0-301F-11D3-BF4B-00C04F79EFBC}") = "11.30.12.07", "11.30.12.07\11.30.12.07.csproj", "{CA60A801-63EF-4856-AC3B-74B8C54DF842}"
EndProject
Project("{2150E333-8FDC-42A3-9474-1A3956D46DE8}") = "tex", "tex", "{2EB343DE-27A0-4A51-B0EE-06CBA4B4907F}"
	ProjectSection(SolutionItems) = preProject
		sample.tex = sample.tex
	EndProjectSection
EndProject
Project("{2150E333-8FDC-42A3-9474-1A3956D46DE8}") = "csv", "csv", "{44C5FECE-D372-4222-B378-E75DC7F46828}"
EndProject
Global
	GlobalSection(SolutionConfigurationPlatforms) = preSolution
		Debug|Any CPU = Debug|Any CPU
		Release|Any CPU = Release|Any CPU
	EndGlobalSection
	GlobalSection(ProjectConfigurationPlatforms) = postSolution
		{CA60A801-63EF-4856-AC3B-74B8C54DF842}.Debug|Any CPU.ActiveCfg = Debug|Any CPU
		{CA60A801-63EF-4856-AC3B-74B8C54DF842}.Debug|Any CPU.Build.0 = Debug|Any CPU
		{CA60A801-63EF-4856-AC3B-74B8C54DF842}.Release|Any CPU.ActiveCfg = Release|Any CPU
		{CA60A801-63EF-4856-AC3B-74B8C54DF842}.Release|Any CPU.Build.0 = Release|Any CPU
	EndGlobalSection
EndGlobal
