
Microsoft Visual Studio Solution File, Format Version 12.00
# Visual Studio Version 17
VisualStudioVersion = 17.4.33213.308
MinimumVisualStudioVersion = 10.0.40219.1
Project("{FAE04EC0-301F-11D3-BF4B-00C04F79EFBC}") = "hazifeladatok", "hazifeladatok\hazifeladatok.csproj", "{C780FA39-B169-4B96-8CD7-B69588968261}"
EndProject
Project("{2150E333-8FDC-42A3-9474-1A3956D46DE8}") = "Solution Items", "Solution Items", "{07AD32C9-53DE-477F-8E1A-8BA2D3803610}"
	ProjectSection(SolutionItems) = preProject
		URX5VP\models\Address.cs = URX5VP\models\Address.cs
		URX5VP\db\addresses.db = URX5VP\db\addresses.db
		URX5VP\csv\database.csv = URX5VP\csv\database.csv
		URX5VP\DataGenerator.cs = URX5VP\DataGenerator.cs
		URX5VP\models\Email.cs = URX5VP\models\Email.cs
		URX5VP\controllers\EmailController.cs = URX5VP\controllers\EmailController.cs
		URX5VP\DAO\EmailDaoImpl.cs = URX5VP\DAO\EmailDaoImpl.cs
		URX5VP\EmailGenerator.cs = URX5VP\EmailGenerator.cs
		URX5VP\static\images\gmail-recipients-limit.png = URX5VP\static\images\gmail-recipients-limit.png
		hazifeladatok\hazifeladatok.csproj = hazifeladatok\hazifeladatok.csproj
		URX5VP\DAO\IEmailDao.cs = URX5VP\DAO\IEmailDao.cs
		URX5VP\LINQOperations.cs = URX5VP\LINQOperations.cs
		URX5VP\models\PersonalData.cs = URX5VP\models\PersonalData.cs
		URX5VP\db\personalData.db = URX5VP\db\personalData.db
		URX5VP\Program.cs = URX5VP\Program.cs
		URX5VP\test\Test.cs = URX5VP\test\Test.cs
	EndProjectSection
EndProject
Global
	GlobalSection(SolutionConfigurationPlatforms) = preSolution
		Debug|Any CPU = Debug|Any CPU
		Release|Any CPU = Release|Any CPU
	EndGlobalSection
	GlobalSection(ProjectConfigurationPlatforms) = postSolution
		{C780FA39-B169-4B96-8CD7-B69588968261}.Debug|Any CPU.ActiveCfg = Debug|Any CPU
		{C780FA39-B169-4B96-8CD7-B69588968261}.Debug|Any CPU.Build.0 = Debug|Any CPU
		{C780FA39-B169-4B96-8CD7-B69588968261}.Release|Any CPU.ActiveCfg = Release|Any CPU
		{C780FA39-B169-4B96-8CD7-B69588968261}.Release|Any CPU.Build.0 = Release|Any CPU
	EndGlobalSection
	GlobalSection(SolutionProperties) = preSolution
		HideSolutionNode = FALSE
	EndGlobalSection
	GlobalSection(ExtensibilityGlobals) = postSolution
		SolutionGuid = {90446466-8691-4288-969C-966303E0B130}
	EndGlobalSection
EndGlobal
